// !$*UTF8*$!
{
	archiveVersion = 1;
	classes = {
	};
	objectVersion = 56;
	objects = {

/* Begin PBXBuildFile section */
		C04CBA4A2A8D7F2E003E6686 /* AppDelegate.swift in Sources */ = {isa = PBXBuildFile; fileRef = C04CBA492A8D7F2E003E6686 /* AppDelegate.swift */; };
		C04CBA4C2A8D7F2F003E6686 /* SceneDelegate.swift in Sources */ = {isa = PBXBuildFile; fileRef = C04CBA4B2A8D7F2F003E6686 /* SceneDelegate.swift */; };
		C04CBA532A8D7F2F003E6686 /* Colors.xcassets in Resources */ = {isa = PBXBuildFile; fileRef = C04CBA522A8D7F2F003E6686 /* Colors.xcassets */; };
		C04CBA562A8D7F2F003E6686 /* LaunchScreen.storyboard in Resources */ = {isa = PBXBuildFile; fileRef = C04CBA542A8D7F2F003E6686 /* LaunchScreen.storyboard */; };
		C04CBA642A8D816C003E6686 /* CharactersListModuleAssembly.swift in Sources */ = {isa = PBXBuildFile; fileRef = C04CBA602A8D816C003E6686 /* CharactersListModuleAssembly.swift */; };
		C04CBA652A8D816C003E6686 /* CharactersListController.swift in Sources */ = {isa = PBXBuildFile; fileRef = C04CBA612A8D816C003E6686 /* CharactersListController.swift */; };
		C04CBA662A8D816C003E6686 /* CharactersListView.swift in Sources */ = {isa = PBXBuildFile; fileRef = C04CBA622A8D816C003E6686 /* CharactersListView.swift */; };
		C04CBA672A8D816C003E6686 /* CharactersListViewModel.swift in Sources */ = {isa = PBXBuildFile; fileRef = C04CBA632A8D816C003E6686 /* CharactersListViewModel.swift */; };
		C04CBA6D2A8D862B003E6686 /* Character.swift in Sources */ = {isa = PBXBuildFile; fileRef = C04CBA6C2A8D862B003E6686 /* Character.swift */; };
		C04CBA6F2A8D88B3003E6686 /* Origin.swift in Sources */ = {isa = PBXBuildFile; fileRef = C04CBA6E2A8D88B3003E6686 /* Origin.swift */; };
		C04CBA712A8D88C1003E6686 /* Episode.swift in Sources */ = {isa = PBXBuildFile; fileRef = C04CBA702A8D88C1003E6686 /* Episode.swift */; };
		C04CBA792A8D8923003E6686 /* CharacterResponseTests.swift in Sources */ = {isa = PBXBuildFile; fileRef = C04CBA782A8D8923003E6686 /* CharacterResponseTests.swift */; };
		C04CBA812A8D8968003E6686 /* TestJSONResponse.swift in Sources */ = {isa = PBXBuildFile; fileRef = C04CBA802A8D8968003E6686 /* TestJSONResponse.swift */; };
		C04CBA852A8D8E8B003E6686 /* CharacterResponse.swift in Sources */ = {isa = PBXBuildFile; fileRef = C04CBA842A8D8E8B003E6686 /* CharacterResponse.swift */; };
		C04CBA8A2A8D948B003E6686 /* NetworkManager.swift in Sources */ = {isa = PBXBuildFile; fileRef = C04CBA882A8D948B003E6686 /* NetworkManager.swift */; };
		C04CBA8B2A8D948B003E6686 /* FetchError.swift in Sources */ = {isa = PBXBuildFile; fileRef = C04CBA892A8D948B003E6686 /* FetchError.swift */; };
		C04CBA902A8D9840003E6686 /* Endpoint.swift in Sources */ = {isa = PBXBuildFile; fileRef = C04CBA8F2A8D9840003E6686 /* Endpoint.swift */; };
		C04CBA922A8D986B003E6686 /* API.swift in Sources */ = {isa = PBXBuildFile; fileRef = C04CBA912A8D986B003E6686 /* API.swift */; };
		C04CBA952A8D98F6003E6686 /* CharacterEndpoint.swift in Sources */ = {isa = PBXBuildFile; fileRef = C04CBA942A8D98F6003E6686 /* CharacterEndpoint.swift */; };
		C04CBA972A8DA72C003E6686 /* CharacterModel.swift in Sources */ = {isa = PBXBuildFile; fileRef = C04CBA962A8DA72C003E6686 /* CharacterModel.swift */; };
		C04CBA992A8DA84E003E6686 /* EpisodeModel.swift in Sources */ = {isa = PBXBuildFile; fileRef = C04CBA982A8DA84E003E6686 /* EpisodeModel.swift */; };
		C04CBA9C2A8DAA2F003E6686 /* Array+Identifable.swift in Sources */ = {isa = PBXBuildFile; fileRef = C04CBA9B2A8DAA2F003E6686 /* Array+Identifable.swift */; };
		C04CBAA42A8E302A003E6686 /* ImageLoader.swift in Sources */ = {isa = PBXBuildFile; fileRef = C04CBAA32A8E302A003E6686 /* ImageLoader.swift */; };
		C04CBAB82A8E4036003E6686 /* UIFont.swift in Sources */ = {isa = PBXBuildFile; fileRef = C04CBAB72A8E4036003E6686 /* UIFont.swift */; };
		C04CBABA2A8E42E1003E6686 /* UIColor.swift in Sources */ = {isa = PBXBuildFile; fileRef = C04CBAB92A8E42E1003E6686 /* UIColor.swift */; };
		C04CBAC92A8E4850003E6686 /* CharacterCell.swift in Sources */ = {isa = PBXBuildFile; fileRef = C04CBAC82A8E4850003E6686 /* CharacterCell.swift */; };
		C04CBACE2A8E4887003E6686 /* gilroy-semibold.ttf in Resources */ = {isa = PBXBuildFile; fileRef = C04CBACB2A8E4887003E6686 /* gilroy-semibold.ttf */; };
		C04CBACF2A8E4887003E6686 /* gilroy-bold.ttf in Resources */ = {isa = PBXBuildFile; fileRef = C04CBACC2A8E4887003E6686 /* gilroy-bold.ttf */; };
		C04CBAD02A8E4887003E6686 /* gilroy-medium.ttf in Resources */ = {isa = PBXBuildFile; fileRef = C04CBACD2A8E4887003E6686 /* gilroy-medium.ttf */; };
		C0E5DA9A2A8E527E00DD1480 /* Images.xcassets in Resources */ = {isa = PBXBuildFile; fileRef = C0E5DA992A8E527E00DD1480 /* Images.xcassets */; };
		C0E5DAA92A8E543400DD1480 /* Portal.png in Resources */ = {isa = PBXBuildFile; fileRef = C0E5DAA62A8E543400DD1480 /* Portal.png */; };
		C0E5DAAA2A8E543400DD1480 /* Portal@2x.png in Resources */ = {isa = PBXBuildFile; fileRef = C0E5DAA72A8E543400DD1480 /* Portal@2x.png */; };
		C0E5DAAB2A8E543400DD1480 /* Portal@3x.png in Resources */ = {isa = PBXBuildFile; fileRef = C0E5DAA82A8E543400DD1480 /* Portal@3x.png */; };
		C0E5DAAF2A8E543A00DD1480 /* BackgroundMisc.png in Resources */ = {isa = PBXBuildFile; fileRef = C0E5DAAC2A8E543A00DD1480 /* BackgroundMisc.png */; };
		C0E5DAB02A8E543A00DD1480 /* BackgroundMisc@2x.png in Resources */ = {isa = PBXBuildFile; fileRef = C0E5DAAD2A8E543A00DD1480 /* BackgroundMisc@2x.png */; };
		C0E5DAB12A8E543A00DD1480 /* BackgroundMisc@3x.png in Resources */ = {isa = PBXBuildFile; fileRef = C0E5DAAE2A8E543A00DD1480 /* BackgroundMisc@3x.png */; };
		C0E5DAB52A8E55A000DD1480 /* RickAndMortyTitle@2x.png in Resources */ = {isa = PBXBuildFile; fileRef = C0E5DAB22A8E55A000DD1480 /* RickAndMortyTitle@2x.png */; };
		C0E5DAB62A8E55A000DD1480 /* RickAndMortyTitle.png in Resources */ = {isa = PBXBuildFile; fileRef = C0E5DAB32A8E55A000DD1480 /* RickAndMortyTitle.png */; };
		C0E5DAB72A8E55A000DD1480 /* RickAndMortyTitle@3x.png in Resources */ = {isa = PBXBuildFile; fileRef = C0E5DAB42A8E55A000DD1480 /* RickAndMortyTitle@3x.png */; };
		C0E5DABD2A8E596400DD1480 /* CharacterDetailModuleAssembly.swift in Sources */ = {isa = PBXBuildFile; fileRef = C0E5DAB92A8E596400DD1480 /* CharacterDetailModuleAssembly.swift */; };
		C0E5DABE2A8E596400DD1480 /* CharacterDetailController.swift in Sources */ = {isa = PBXBuildFile; fileRef = C0E5DABA2A8E596400DD1480 /* CharacterDetailController.swift */; };
		C0E5DAC02A8E596400DD1480 /* CharacterDetailViewModel.swift in Sources */ = {isa = PBXBuildFile; fileRef = C0E5DABC2A8E596400DD1480 /* CharacterDetailViewModel.swift */; };
		C0E5DAC42A8E5D0D00DD1480 /* CharacterDetailView.swift in Sources */ = {isa = PBXBuildFile; fileRef = C0E5DAC32A8E5D0D00DD1480 /* CharacterDetailView.swift */; };
		C0E5DAC62A8E65F500DD1480 /* CharacterAvatarContainer.swift in Sources */ = {isa = PBXBuildFile; fileRef = C0E5DAC52A8E65F500DD1480 /* CharacterAvatarContainer.swift */; };
		C0E5DACB2A8E68F600DD1480 /* CharacterAvatarPlaceholder@2x.png in Resources */ = {isa = PBXBuildFile; fileRef = C0E5DAC82A8E68F600DD1480 /* CharacterAvatarPlaceholder@2x.png */; };
		C0E5DACC2A8E68F600DD1480 /* CharacterAvatarPlaceholder@3x.png in Resources */ = {isa = PBXBuildFile; fileRef = C0E5DAC92A8E68F600DD1480 /* CharacterAvatarPlaceholder@3x.png */; };
		C0E5DACD2A8E68F600DD1480 /* CharacterAvatarPlaceholder.png in Resources */ = {isa = PBXBuildFile; fileRef = C0E5DACA2A8E68F600DD1480 /* CharacterAvatarPlaceholder.png */; };
		C0E5DACF2A8E692B00DD1480 /* UIImage.swift in Sources */ = {isa = PBXBuildFile; fileRef = C0E5DACE2A8E692B00DD1480 /* UIImage.swift */; };
		C0E5DAD12A8E6DB400DD1480 /* Font.swift in Sources */ = {isa = PBXBuildFile; fileRef = C0E5DAD02A8E6DB400DD1480 /* Font.swift */; };
		C0E5DAD32A8E6EF900DD1480 /* UIColor+Color.swift in Sources */ = {isa = PBXBuildFile; fileRef = C0E5DAD22A8E6EF900DD1480 /* UIColor+Color.swift */; };
		C0E5DAD72A8E782000DD1480 /* InfoRow.swift in Sources */ = {isa = PBXBuildFile; fileRef = C0E5DAD62A8E782000DD1480 /* InfoRow.swift */; };
		C0E5DAD92A8E7CA400DD1480 /* CharacterInfoContainer.swift in Sources */ = {isa = PBXBuildFile; fileRef = C0E5DAD82A8E7CA400DD1480 /* CharacterInfoContainer.swift */; };
		C0E5DADB2A8E803D00DD1480 /* CharacterOriginContainer.swift in Sources */ = {isa = PBXBuildFile; fileRef = C0E5DADA2A8E803D00DD1480 /* CharacterOriginContainer.swift */; };
		C0E5DAEC2A8E8D6A00DD1480 /* OriginPlanet.png in Resources */ = {isa = PBXBuildFile; fileRef = C0E5DAE92A8E8D6A00DD1480 /* OriginPlanet.png */; };
		C0E5DAED2A8E8D6A00DD1480 /* OriginPlanet@2x.png in Resources */ = {isa = PBXBuildFile; fileRef = C0E5DAEA2A8E8D6A00DD1480 /* OriginPlanet@2x.png */; };
		C0E5DAEE2A8E8D6A00DD1480 /* OriginPlanet@3x.png in Resources */ = {isa = PBXBuildFile; fileRef = C0E5DAEB2A8E8D6A00DD1480 /* OriginPlanet@3x.png */; };
		C0E5DAF12A8E8EE200DD1480 /* TitleHeader.swift in Sources */ = {isa = PBXBuildFile; fileRef = C0E5DAF02A8E8EE200DD1480 /* TitleHeader.swift */; };
		C0E5DAF82A8E913F00DD1480 /* CharacterEpisodesContainer.swift in Sources */ = {isa = PBXBuildFile; fileRef = C0E5DAF72A8E913F00DD1480 /* CharacterEpisodesContainer.swift */; };
		C0E5DAFA2A8E94D400DD1480 /* EpisodeRow.swift in Sources */ = {isa = PBXBuildFile; fileRef = C0E5DAF92A8E94D400DD1480 /* EpisodeRow.swift */; };
		C0E5DAFE2A8EC35300DD1480 /* EpisodeEndpoint.swift in Sources */ = {isa = PBXBuildFile; fileRef = C0E5DAFD2A8EC35300DD1480 /* EpisodeEndpoint.swift */; };
		C0E5DB012A8ED40600DD1480 /* ImageLoadError.swift in Sources */ = {isa = PBXBuildFile; fileRef = C0E5DB002A8ED40600DD1480 /* ImageLoadError.swift */; };
		C0E5DB032A8ED72A00DD1480 /* LocationEndpoint.swift in Sources */ = {isa = PBXBuildFile; fileRef = C0E5DB022A8ED72A00DD1480 /* LocationEndpoint.swift */; };
		C0E5DB052A8ED7BC00DD1480 /* Location.swift in Sources */ = {isa = PBXBuildFile; fileRef = C0E5DB042A8ED7BC00DD1480 /* Location.swift */; };
		C0E5DB082A8F723900DD1480 /* PagingService.swift in Sources */ = {isa = PBXBuildFile; fileRef = C0E5DB072A8F723900DD1480 /* PagingService.swift */; };
/* End PBXBuildFile section */

/* Begin PBXContainerItemProxy section */
		C04CBA7A2A8D8923003E6686 /* PBXContainerItemProxy */ = {
			isa = PBXContainerItemProxy;
			containerPortal = C04CBA3E2A8D7F2E003E6686 /* Project object */;
			proxyType = 1;
			remoteGlobalIDString = C04CBA452A8D7F2E003E6686;
			remoteInfo = RickAndMorty;
		};
/* End PBXContainerItemProxy section */

/* Begin PBXFileReference section */
		C04CBA462A8D7F2E003E6686 /* RickAndMorty.app */ = {isa = PBXFileReference; explicitFileType = wrapper.application; includeInIndex = 0; path = RickAndMorty.app; sourceTree = BUILT_PRODUCTS_DIR; };
		C04CBA492A8D7F2E003E6686 /* AppDelegate.swift */ = {isa = PBXFileReference; lastKnownFileType = sourcecode.swift; path = AppDelegate.swift; sourceTree = "<group>"; };
		C04CBA4B2A8D7F2F003E6686 /* SceneDelegate.swift */ = {isa = PBXFileReference; lastKnownFileType = sourcecode.swift; path = SceneDelegate.swift; sourceTree = "<group>"; };
		C04CBA522A8D7F2F003E6686 /* Colors.xcassets */ = {isa = PBXFileReference; lastKnownFileType = folder.assetcatalog; path = Colors.xcassets; sourceTree = "<group>"; };
		C04CBA552A8D7F2F003E6686 /* Base */ = {isa = PBXFileReference; lastKnownFileType = file.storyboard; name = Base; path = Base.lproj/LaunchScreen.storyboard; sourceTree = "<group>"; };
		C04CBA572A8D7F2F003E6686 /* Info.plist */ = {isa = PBXFileReference; lastKnownFileType = text.plist.xml; path = Info.plist; sourceTree = "<group>"; };
		C04CBA602A8D816C003E6686 /* CharactersListModuleAssembly.swift */ = {isa = PBXFileReference; lastKnownFileType = sourcecode.swift; path = CharactersListModuleAssembly.swift; sourceTree = "<group>"; };
		C04CBA612A8D816C003E6686 /* CharactersListController.swift */ = {isa = PBXFileReference; lastKnownFileType = sourcecode.swift; path = CharactersListController.swift; sourceTree = "<group>"; };
		C04CBA622A8D816C003E6686 /* CharactersListView.swift */ = {isa = PBXFileReference; lastKnownFileType = sourcecode.swift; path = CharactersListView.swift; sourceTree = "<group>"; };
		C04CBA632A8D816C003E6686 /* CharactersListViewModel.swift */ = {isa = PBXFileReference; lastKnownFileType = sourcecode.swift; path = CharactersListViewModel.swift; sourceTree = "<group>"; };
		C04CBA6C2A8D862B003E6686 /* Character.swift */ = {isa = PBXFileReference; lastKnownFileType = sourcecode.swift; path = Character.swift; sourceTree = "<group>"; };
		C04CBA6E2A8D88B3003E6686 /* Origin.swift */ = {isa = PBXFileReference; lastKnownFileType = sourcecode.swift; path = Origin.swift; sourceTree = "<group>"; };
		C04CBA702A8D88C1003E6686 /* Episode.swift */ = {isa = PBXFileReference; lastKnownFileType = sourcecode.swift; path = Episode.swift; sourceTree = "<group>"; };
		C04CBA762A8D8923003E6686 /* RickAndMortyTests.xctest */ = {isa = PBXFileReference; explicitFileType = wrapper.cfbundle; includeInIndex = 0; path = RickAndMortyTests.xctest; sourceTree = BUILT_PRODUCTS_DIR; };
		C04CBA782A8D8923003E6686 /* CharacterResponseTests.swift */ = {isa = PBXFileReference; lastKnownFileType = sourcecode.swift; path = CharacterResponseTests.swift; sourceTree = "<group>"; };
		C04CBA802A8D8968003E6686 /* TestJSONResponse.swift */ = {isa = PBXFileReference; lastKnownFileType = sourcecode.swift; path = TestJSONResponse.swift; sourceTree = "<group>"; };
		C04CBA842A8D8E8B003E6686 /* CharacterResponse.swift */ = {isa = PBXFileReference; lastKnownFileType = sourcecode.swift; path = CharacterResponse.swift; sourceTree = "<group>"; };
		C04CBA882A8D948B003E6686 /* NetworkManager.swift */ = {isa = PBXFileReference; lastKnownFileType = sourcecode.swift; path = NetworkManager.swift; sourceTree = "<group>"; };
		C04CBA892A8D948B003E6686 /* FetchError.swift */ = {isa = PBXFileReference; lastKnownFileType = sourcecode.swift; path = FetchError.swift; sourceTree = "<group>"; };
		C04CBA8F2A8D9840003E6686 /* Endpoint.swift */ = {isa = PBXFileReference; lastKnownFileType = sourcecode.swift; path = Endpoint.swift; sourceTree = "<group>"; };
		C04CBA912A8D986B003E6686 /* API.swift */ = {isa = PBXFileReference; lastKnownFileType = sourcecode.swift; path = API.swift; sourceTree = "<group>"; };
		C04CBA942A8D98F6003E6686 /* CharacterEndpoint.swift */ = {isa = PBXFileReference; lastKnownFileType = sourcecode.swift; path = CharacterEndpoint.swift; sourceTree = "<group>"; };
		C04CBA962A8DA72C003E6686 /* CharacterModel.swift */ = {isa = PBXFileReference; lastKnownFileType = sourcecode.swift; path = CharacterModel.swift; sourceTree = "<group>"; };
		C04CBA982A8DA84E003E6686 /* EpisodeModel.swift */ = {isa = PBXFileReference; lastKnownFileType = sourcecode.swift; path = EpisodeModel.swift; sourceTree = "<group>"; };
		C04CBA9B2A8DAA2F003E6686 /* Array+Identifable.swift */ = {isa = PBXFileReference; lastKnownFileType = sourcecode.swift; path = "Array+Identifable.swift"; sourceTree = "<group>"; };
		C04CBAA32A8E302A003E6686 /* ImageLoader.swift */ = {isa = PBXFileReference; lastKnownFileType = sourcecode.swift; path = ImageLoader.swift; sourceTree = "<group>"; };
		C04CBAB72A8E4036003E6686 /* UIFont.swift */ = {isa = PBXFileReference; lastKnownFileType = sourcecode.swift; path = UIFont.swift; sourceTree = "<group>"; };
		C04CBAB92A8E42E1003E6686 /* UIColor.swift */ = {isa = PBXFileReference; lastKnownFileType = sourcecode.swift; path = UIColor.swift; sourceTree = "<group>"; };
		C04CBAC82A8E4850003E6686 /* CharacterCell.swift */ = {isa = PBXFileReference; lastKnownFileType = sourcecode.swift; path = CharacterCell.swift; sourceTree = "<group>"; };
		C04CBACB2A8E4887003E6686 /* gilroy-semibold.ttf */ = {isa = PBXFileReference; lastKnownFileType = file; path = "gilroy-semibold.ttf"; sourceTree = "<group>"; };
		C04CBACC2A8E4887003E6686 /* gilroy-bold.ttf */ = {isa = PBXFileReference; lastKnownFileType = file; path = "gilroy-bold.ttf"; sourceTree = "<group>"; };
		C04CBACD2A8E4887003E6686 /* gilroy-medium.ttf */ = {isa = PBXFileReference; lastKnownFileType = file; path = "gilroy-medium.ttf"; sourceTree = "<group>"; };
		C0E5DA992A8E527E00DD1480 /* Images.xcassets */ = {isa = PBXFileReference; lastKnownFileType = folder.assetcatalog; path = Images.xcassets; sourceTree = "<group>"; };
		C0E5DAA62A8E543400DD1480 /* Portal.png */ = {isa = PBXFileReference; lastKnownFileType = image.png; path = Portal.png; sourceTree = "<group>"; };
		C0E5DAA72A8E543400DD1480 /* Portal@2x.png */ = {isa = PBXFileReference; lastKnownFileType = image.png; path = "Portal@2x.png"; sourceTree = "<group>"; };
		C0E5DAA82A8E543400DD1480 /* Portal@3x.png */ = {isa = PBXFileReference; lastKnownFileType = image.png; path = "Portal@3x.png"; sourceTree = "<group>"; };
		C0E5DAAC2A8E543A00DD1480 /* BackgroundMisc.png */ = {isa = PBXFileReference; lastKnownFileType = image.png; path = BackgroundMisc.png; sourceTree = "<group>"; };
		C0E5DAAD2A8E543A00DD1480 /* BackgroundMisc@2x.png */ = {isa = PBXFileReference; lastKnownFileType = image.png; path = "BackgroundMisc@2x.png"; sourceTree = "<group>"; };
		C0E5DAAE2A8E543A00DD1480 /* BackgroundMisc@3x.png */ = {isa = PBXFileReference; lastKnownFileType = image.png; path = "BackgroundMisc@3x.png"; sourceTree = "<group>"; };
		C0E5DAB22A8E55A000DD1480 /* RickAndMortyTitle@2x.png */ = {isa = PBXFileReference; lastKnownFileType = image.png; path = "RickAndMortyTitle@2x.png"; sourceTree = "<group>"; };
		C0E5DAB32A8E55A000DD1480 /* RickAndMortyTitle.png */ = {isa = PBXFileReference; lastKnownFileType = image.png; path = RickAndMortyTitle.png; sourceTree = "<group>"; };
		C0E5DAB42A8E55A000DD1480 /* RickAndMortyTitle@3x.png */ = {isa = PBXFileReference; lastKnownFileType = image.png; path = "RickAndMortyTitle@3x.png"; sourceTree = "<group>"; };
		C0E5DAB92A8E596400DD1480 /* CharacterDetailModuleAssembly.swift */ = {isa = PBXFileReference; lastKnownFileType = sourcecode.swift; path = CharacterDetailModuleAssembly.swift; sourceTree = "<group>"; };
		C0E5DABA2A8E596400DD1480 /* CharacterDetailController.swift */ = {isa = PBXFileReference; lastKnownFileType = sourcecode.swift; path = CharacterDetailController.swift; sourceTree = "<group>"; };
		C0E5DABC2A8E596400DD1480 /* CharacterDetailViewModel.swift */ = {isa = PBXFileReference; lastKnownFileType = sourcecode.swift; path = CharacterDetailViewModel.swift; sourceTree = "<group>"; };
		C0E5DAC32A8E5D0D00DD1480 /* CharacterDetailView.swift */ = {isa = PBXFileReference; lastKnownFileType = sourcecode.swift; path = CharacterDetailView.swift; sourceTree = "<group>"; };
		C0E5DAC52A8E65F500DD1480 /* CharacterAvatarContainer.swift */ = {isa = PBXFileReference; lastKnownFileType = sourcecode.swift; path = CharacterAvatarContainer.swift; sourceTree = "<group>"; };
		C0E5DAC82A8E68F600DD1480 /* CharacterAvatarPlaceholder@2x.png */ = {isa = PBXFileReference; lastKnownFileType = image.png; path = "CharacterAvatarPlaceholder@2x.png"; sourceTree = "<group>"; };
		C0E5DAC92A8E68F600DD1480 /* CharacterAvatarPlaceholder@3x.png */ = {isa = PBXFileReference; lastKnownFileType = image.png; path = "CharacterAvatarPlaceholder@3x.png"; sourceTree = "<group>"; };
		C0E5DACA2A8E68F600DD1480 /* CharacterAvatarPlaceholder.png */ = {isa = PBXFileReference; lastKnownFileType = image.png; path = CharacterAvatarPlaceholder.png; sourceTree = "<group>"; };
		C0E5DACE2A8E692B00DD1480 /* UIImage.swift */ = {isa = PBXFileReference; lastKnownFileType = sourcecode.swift; path = UIImage.swift; sourceTree = "<group>"; };
		C0E5DAD02A8E6DB400DD1480 /* Font.swift */ = {isa = PBXFileReference; lastKnownFileType = sourcecode.swift; path = Font.swift; sourceTree = "<group>"; };
		C0E5DAD22A8E6EF900DD1480 /* UIColor+Color.swift */ = {isa = PBXFileReference; lastKnownFileType = sourcecode.swift; path = "UIColor+Color.swift"; sourceTree = "<group>"; };
		C0E5DAD62A8E782000DD1480 /* InfoRow.swift */ = {isa = PBXFileReference; lastKnownFileType = sourcecode.swift; path = InfoRow.swift; sourceTree = "<group>"; };
		C0E5DAD82A8E7CA400DD1480 /* CharacterInfoContainer.swift */ = {isa = PBXFileReference; lastKnownFileType = sourcecode.swift; path = CharacterInfoContainer.swift; sourceTree = "<group>"; };
		C0E5DADA2A8E803D00DD1480 /* CharacterOriginContainer.swift */ = {isa = PBXFileReference; lastKnownFileType = sourcecode.swift; path = CharacterOriginContainer.swift; sourceTree = "<group>"; };
		C0E5DAE92A8E8D6A00DD1480 /* OriginPlanet.png */ = {isa = PBXFileReference; lastKnownFileType = image.png; path = OriginPlanet.png; sourceTree = "<group>"; };
		C0E5DAEA2A8E8D6A00DD1480 /* OriginPlanet@2x.png */ = {isa = PBXFileReference; lastKnownFileType = image.png; path = "OriginPlanet@2x.png"; sourceTree = "<group>"; };
		C0E5DAEB2A8E8D6A00DD1480 /* OriginPlanet@3x.png */ = {isa = PBXFileReference; lastKnownFileType = image.png; path = "OriginPlanet@3x.png"; sourceTree = "<group>"; };
		C0E5DAF02A8E8EE200DD1480 /* TitleHeader.swift */ = {isa = PBXFileReference; lastKnownFileType = sourcecode.swift; path = TitleHeader.swift; sourceTree = "<group>"; };
		C0E5DAF72A8E913F00DD1480 /* CharacterEpisodesContainer.swift */ = {isa = PBXFileReference; lastKnownFileType = sourcecode.swift; path = CharacterEpisodesContainer.swift; sourceTree = "<group>"; };
		C0E5DAF92A8E94D400DD1480 /* EpisodeRow.swift */ = {isa = PBXFileReference; lastKnownFileType = sourcecode.swift; path = EpisodeRow.swift; sourceTree = "<group>"; };
		C0E5DAFD2A8EC35300DD1480 /* EpisodeEndpoint.swift */ = {isa = PBXFileReference; lastKnownFileType = sourcecode.swift; path = EpisodeEndpoint.swift; sourceTree = "<group>"; };
		C0E5DB002A8ED40600DD1480 /* ImageLoadError.swift */ = {isa = PBXFileReference; lastKnownFileType = sourcecode.swift; path = ImageLoadError.swift; sourceTree = "<group>"; };
		C0E5DB022A8ED72A00DD1480 /* LocationEndpoint.swift */ = {isa = PBXFileReference; lastKnownFileType = sourcecode.swift; path = LocationEndpoint.swift; sourceTree = "<group>"; };
		C0E5DB042A8ED7BC00DD1480 /* Location.swift */ = {isa = PBXFileReference; lastKnownFileType = sourcecode.swift; path = Location.swift; sourceTree = "<group>"; };
		C0E5DB072A8F723900DD1480 /* PagingService.swift */ = {isa = PBXFileReference; lastKnownFileType = sourcecode.swift; path = PagingService.swift; sourceTree = "<group>"; };
/* End PBXFileReference section */

/* Begin PBXFrameworksBuildPhase section */
		C04CBA432A8D7F2E003E6686 /* Frameworks */ = {
			isa = PBXFrameworksBuildPhase;
			buildActionMask = 2147483647;
			files = (
			);
			runOnlyForDeploymentPostprocessing = 0;
		};
		C04CBA732A8D8923003E6686 /* Frameworks */ = {
			isa = PBXFrameworksBuildPhase;
			buildActionMask = 2147483647;
			files = (
			);
			runOnlyForDeploymentPostprocessing = 0;
		};
/* End PBXFrameworksBuildPhase section */

/* Begin PBXGroup section */
		C04CBA3D2A8D7F2E003E6686 = {
			isa = PBXGroup;
			children = (
				C04CBA482A8D7F2E003E6686 /* RickAndMorty */,
				C04CBA772A8D8923003E6686 /* RickAndMortyTests */,
				C04CBA472A8D7F2E003E6686 /* Products */,
			);
			sourceTree = "<group>";
		};
		C04CBA472A8D7F2E003E6686 /* Products */ = {
			isa = PBXGroup;
			children = (
				C04CBA462A8D7F2E003E6686 /* RickAndMorty.app */,
				C04CBA762A8D8923003E6686 /* RickAndMortyTests.xctest */,
			);
			name = Products;
			sourceTree = "<group>";
		};
		C04CBA482A8D7F2E003E6686 /* RickAndMorty */ = {
			isa = PBXGroup;
			children = (
				C04CBA492A8D7F2E003E6686 /* AppDelegate.swift */,
				C04CBA4B2A8D7F2F003E6686 /* SceneDelegate.swift */,
				C0E5DB062A8F723000DD1480 /* Services */,
				C04CBA6B2A8D8511003E6686 /* Network */,
				C04CBA5E2A8D7FE3003E6686 /* Models */,
				C04CBA5D2A8D7FDB003E6686 /* Screens */,
				C04CBAC62A8E483C003E6686 /* UI */,
				C04CBA9A2A8DAA1C003E6686 /* Extensions */,
				C0E5DAA32A8E53C900DD1480 /* Colors */,
				C0E5DAA12A8E535000DD1480 /* Images */,
				C04CBA542A8D7F2F003E6686 /* LaunchScreen.storyboard */,
				C04CBA572A8D7F2F003E6686 /* Info.plist */,
			);
			path = RickAndMorty;
			sourceTree = "<group>";
		};
		C04CBA5D2A8D7FDB003E6686 /* Screens */ = {
			isa = PBXGroup;
			children = (
				C04CBA5F2A8D7FED003E6686 /* CharactersList */,
				C0E5DAB82A8E581600DD1480 /* CharacterDetail */,
			);
			path = Screens;
			sourceTree = "<group>";
		};
		C04CBA5E2A8D7FE3003E6686 /* Models */ = {
			isa = PBXGroup;
			children = (
				C0E5DB092A8F8B1500DD1480 /* DecodableEntities */,
				C04CBA6A2A8D842D003E6686 /* Entities */,
			);
			path = Models;
			sourceTree = "<group>";
		};
		C04CBA5F2A8D7FED003E6686 /* CharactersList */ = {
			isa = PBXGroup;
			children = (
				C04CBA682A8D8181003E6686 /* View */,
				C04CBA692A8D83D6003E6686 /* ViewModel */,
				C04CBA602A8D816C003E6686 /* CharactersListModuleAssembly.swift */,
			);
			path = CharactersList;
			sourceTree = "<group>";
		};
		C04CBA682A8D8181003E6686 /* View */ = {
			isa = PBXGroup;
			children = (
				C04CBA622A8D816C003E6686 /* CharactersListView.swift */,
				C04CBA612A8D816C003E6686 /* CharactersListController.swift */,
			);
			path = View;
			sourceTree = "<group>";
		};
		C04CBA692A8D83D6003E6686 /* ViewModel */ = {
			isa = PBXGroup;
			children = (
				C04CBA632A8D816C003E6686 /* CharactersListViewModel.swift */,
			);
			path = ViewModel;
			sourceTree = "<group>";
		};
		C04CBA6A2A8D842D003E6686 /* Entities */ = {
			isa = PBXGroup;
			children = (
				C04CBA962A8DA72C003E6686 /* CharacterModel.swift */,
				C04CBA982A8DA84E003E6686 /* EpisodeModel.swift */,
			);
			path = Entities;
			sourceTree = "<group>";
		};
		C04CBA6B2A8D8511003E6686 /* Network */ = {
			isa = PBXGroup;
			children = (
				C04CBA8E2A8D976C003E6686 /* API */,
				C04CBA832A8D8E3E003E6686 /* Responses */,
				C0E5DAFF2A8ED3F700DD1480 /* Errors */,
				C04CBA882A8D948B003E6686 /* NetworkManager.swift */,
				C04CBAA32A8E302A003E6686 /* ImageLoader.swift */,
			);
			path = Network;
			sourceTree = "<group>";
		};
		C04CBA772A8D8923003E6686 /* RickAndMortyTests */ = {
			isa = PBXGroup;
			children = (
				C04CBA7F2A8D8932003E6686 /* TestData */,
				C04CBA822A8D89C5003E6686 /* Unit Tests */,
			);
			path = RickAndMortyTests;
			sourceTree = "<group>";
		};
		C04CBA7F2A8D8932003E6686 /* TestData */ = {
			isa = PBXGroup;
			children = (
				C04CBA802A8D8968003E6686 /* TestJSONResponse.swift */,
			);
			path = TestData;
			sourceTree = "<group>";
		};
		C04CBA822A8D89C5003E6686 /* Unit Tests */ = {
			isa = PBXGroup;
			children = (
				C04CBA782A8D8923003E6686 /* CharacterResponseTests.swift */,
			);
			path = "Unit Tests";
			sourceTree = "<group>";
		};
		C04CBA832A8D8E3E003E6686 /* Responses */ = {
			isa = PBXGroup;
			children = (
				C04CBA842A8D8E8B003E6686 /* CharacterResponse.swift */,
			);
			path = Responses;
			sourceTree = "<group>";
		};
		C04CBA8E2A8D976C003E6686 /* API */ = {
			isa = PBXGroup;
			children = (
				C04CBA932A8D9875003E6686 /* Endpoints */,
				C04CBA912A8D986B003E6686 /* API.swift */,
			);
			path = API;
			sourceTree = "<group>";
		};
		C04CBA932A8D9875003E6686 /* Endpoints */ = {
			isa = PBXGroup;
			children = (
				C04CBA8F2A8D9840003E6686 /* Endpoint.swift */,
				C04CBA942A8D98F6003E6686 /* CharacterEndpoint.swift */,
				C0E5DAFD2A8EC35300DD1480 /* EpisodeEndpoint.swift */,
				C0E5DB022A8ED72A00DD1480 /* LocationEndpoint.swift */,
			);
			path = Endpoints;
			sourceTree = "<group>";
		};
		C04CBA9A2A8DAA1C003E6686 /* Extensions */ = {
			isa = PBXGroup;
			children = (
				C0E5DAD02A8E6DB400DD1480 /* Font.swift */,
				C04CBAB72A8E4036003E6686 /* UIFont.swift */,
				C04CBAB92A8E42E1003E6686 /* UIColor.swift */,
				C0E5DAD22A8E6EF900DD1480 /* UIColor+Color.swift */,
				C0E5DACE2A8E692B00DD1480 /* UIImage.swift */,
				C04CBA9B2A8DAA2F003E6686 /* Array+Identifable.swift */,
			);
			path = Extensions;
			sourceTree = "<group>";
		};
		C04CBAC62A8E483C003E6686 /* UI */ = {
			isa = PBXGroup;
			children = (
				C0E5DAEF2A8E8ECE00DD1480 /* SwiftUI */,
				C04CBAC72A8E4843003E6686 /* Cells */,
				C04CBACA2A8E4874003E6686 /* Fonts */,
			);
			path = UI;
			sourceTree = "<group>";
		};
		C04CBAC72A8E4843003E6686 /* Cells */ = {
			isa = PBXGroup;
			children = (
				C04CBAC82A8E4850003E6686 /* CharacterCell.swift */,
			);
			path = Cells;
			sourceTree = "<group>";
		};
		C04CBACA2A8E4874003E6686 /* Fonts */ = {
			isa = PBXGroup;
			children = (
				C04CBACC2A8E4887003E6686 /* gilroy-bold.ttf */,
				C04CBACD2A8E4887003E6686 /* gilroy-medium.ttf */,
				C04CBACB2A8E4887003E6686 /* gilroy-semibold.ttf */,
			);
			path = Fonts;
			sourceTree = "<group>";
		};
		C0E5DAA12A8E535000DD1480 /* Images */ = {
			isa = PBXGroup;
			children = (
				C0E5DADC2A8E8CDE00DD1480 /* OriginPlanet */,
				C0E5DAC72A8E68E500DD1480 /* CharacterAvatar */,
				C0E5DAA52A8E53EF00DD1480 /* BackgroundMisc */,
				C0E5DAA42A8E53E500DD1480 /* Portal */,
				C0E5DAA22A8E536E00DD1480 /* RickAndMortyTitle */,
				C0E5DA992A8E527E00DD1480 /* Images.xcassets */,
			);
			path = Images;
			sourceTree = "<group>";
		};
		C0E5DAA22A8E536E00DD1480 /* RickAndMortyTitle */ = {
			isa = PBXGroup;
			children = (
				C0E5DAB32A8E55A000DD1480 /* RickAndMortyTitle.png */,
				C0E5DAB22A8E55A000DD1480 /* RickAndMortyTitle@2x.png */,
				C0E5DAB42A8E55A000DD1480 /* RickAndMortyTitle@3x.png */,
			);
			path = RickAndMortyTitle;
			sourceTree = "<group>";
		};
		C0E5DAA32A8E53C900DD1480 /* Colors */ = {
			isa = PBXGroup;
			children = (
				C04CBA522A8D7F2F003E6686 /* Colors.xcassets */,
			);
			path = Colors;
			sourceTree = "<group>";
		};
		C0E5DAA42A8E53E500DD1480 /* Portal */ = {
			isa = PBXGroup;
			children = (
				C0E5DAA62A8E543400DD1480 /* Portal.png */,
				C0E5DAA72A8E543400DD1480 /* Portal@2x.png */,
				C0E5DAA82A8E543400DD1480 /* Portal@3x.png */,
			);
			path = Portal;
			sourceTree = "<group>";
		};
		C0E5DAA52A8E53EF00DD1480 /* BackgroundMisc */ = {
			isa = PBXGroup;
			children = (
				C0E5DAAC2A8E543A00DD1480 /* BackgroundMisc.png */,
				C0E5DAAD2A8E543A00DD1480 /* BackgroundMisc@2x.png */,
				C0E5DAAE2A8E543A00DD1480 /* BackgroundMisc@3x.png */,
			);
			path = BackgroundMisc;
			sourceTree = "<group>";
		};
		C0E5DAB82A8E581600DD1480 /* CharacterDetail */ = {
			isa = PBXGroup;
			children = (
				C0E5DAC12A8E596B00DD1480 /* View */,
				C0E5DAC22A8E597400DD1480 /* ViewModel */,
				C0E5DAB92A8E596400DD1480 /* CharacterDetailModuleAssembly.swift */,
			);
			path = CharacterDetail;
			sourceTree = "<group>";
		};
		C0E5DAC12A8E596B00DD1480 /* View */ = {
			isa = PBXGroup;
			children = (
				C0E5DAF52A8E911E00DD1480 /* Containers */,
				C0E5DAC32A8E5D0D00DD1480 /* CharacterDetailView.swift */,
				C0E5DABA2A8E596400DD1480 /* CharacterDetailController.swift */,
			);
			path = View;
			sourceTree = "<group>";
		};
		C0E5DAC22A8E597400DD1480 /* ViewModel */ = {
			isa = PBXGroup;
			children = (
				C0E5DABC2A8E596400DD1480 /* CharacterDetailViewModel.swift */,
			);
			path = ViewModel;
			sourceTree = "<group>";
		};
		C0E5DAC72A8E68E500DD1480 /* CharacterAvatar */ = {
			isa = PBXGroup;
			children = (
				C0E5DACA2A8E68F600DD1480 /* CharacterAvatarPlaceholder.png */,
				C0E5DAC82A8E68F600DD1480 /* CharacterAvatarPlaceholder@2x.png */,
				C0E5DAC92A8E68F600DD1480 /* CharacterAvatarPlaceholder@3x.png */,
			);
			path = CharacterAvatar;
			sourceTree = "<group>";
		};
		C0E5DADC2A8E8CDE00DD1480 /* OriginPlanet */ = {
			isa = PBXGroup;
			children = (
				C0E5DAE92A8E8D6A00DD1480 /* OriginPlanet.png */,
				C0E5DAEA2A8E8D6A00DD1480 /* OriginPlanet@2x.png */,
				C0E5DAEB2A8E8D6A00DD1480 /* OriginPlanet@3x.png */,
			);
			path = OriginPlanet;
			sourceTree = "<group>";
		};
		C0E5DAEF2A8E8ECE00DD1480 /* SwiftUI */ = {
			isa = PBXGroup;
			children = (
				C0E5DAF02A8E8EE200DD1480 /* TitleHeader.swift */,
			);
			path = SwiftUI;
			sourceTree = "<group>";
		};
		C0E5DAF22A8E90FB00DD1480 /* Origin */ = {
			isa = PBXGroup;
			children = (
				C0E5DADA2A8E803D00DD1480 /* CharacterOriginContainer.swift */,
			);
			path = Origin;
			sourceTree = "<group>";
		};
		C0E5DAF32A8E910600DD1480 /* Info */ = {
			isa = PBXGroup;
			children = (
				C0E5DAD62A8E782000DD1480 /* InfoRow.swift */,
				C0E5DAD82A8E7CA400DD1480 /* CharacterInfoContainer.swift */,
			);
			path = Info;
			sourceTree = "<group>";
		};
		C0E5DAF42A8E911400DD1480 /* Avatar */ = {
			isa = PBXGroup;
			children = (
				C0E5DAC52A8E65F500DD1480 /* CharacterAvatarContainer.swift */,
			);
			path = Avatar;
			sourceTree = "<group>";
		};
		C0E5DAF52A8E911E00DD1480 /* Containers */ = {
			isa = PBXGroup;
			children = (
				C0E5DAF42A8E911400DD1480 /* Avatar */,
				C0E5DAF32A8E910600DD1480 /* Info */,
				C0E5DAF22A8E90FB00DD1480 /* Origin */,
				C0E5DAF62A8E912D00DD1480 /* Episodes */,
			);
			path = Containers;
			sourceTree = "<group>";
		};
		C0E5DAF62A8E912D00DD1480 /* Episodes */ = {
			isa = PBXGroup;
			children = (
				C0E5DAF92A8E94D400DD1480 /* EpisodeRow.swift */,
				C0E5DAF72A8E913F00DD1480 /* CharacterEpisodesContainer.swift */,
			);
			path = Episodes;
			sourceTree = "<group>";
		};
		C0E5DAFF2A8ED3F700DD1480 /* Errors */ = {
			isa = PBXGroup;
			children = (
				C04CBA892A8D948B003E6686 /* FetchError.swift */,
				C0E5DB002A8ED40600DD1480 /* ImageLoadError.swift */,
			);
			path = Errors;
			sourceTree = "<group>";
		};
		C0E5DB062A8F723000DD1480 /* Services */ = {
			isa = PBXGroup;
			children = (
				C0E5DB072A8F723900DD1480 /* PagingService.swift */,
			);
			path = Services;
			sourceTree = "<group>";
		};
		C0E5DB092A8F8B1500DD1480 /* DecodableEntities */ = {
			isa = PBXGroup;
			children = (
				C04CBA6C2A8D862B003E6686 /* Character.swift */,
				C04CBA6E2A8D88B3003E6686 /* Origin.swift */,
				C0E5DB042A8ED7BC00DD1480 /* Location.swift */,
				C04CBA702A8D88C1003E6686 /* Episode.swift */,
			);
			path = DecodableEntities;
			sourceTree = "<group>";
		};
/* End PBXGroup section */

/* Begin PBXNativeTarget section */
		C04CBA452A8D7F2E003E6686 /* RickAndMorty */ = {
			isa = PBXNativeTarget;
			buildConfigurationList = C04CBA5A2A8D7F2F003E6686 /* Build configuration list for PBXNativeTarget "RickAndMorty" */;
			buildPhases = (
				C04CBA422A8D7F2E003E6686 /* Sources */,
				C04CBA432A8D7F2E003E6686 /* Frameworks */,
				C04CBA442A8D7F2E003E6686 /* Resources */,
			);
			buildRules = (
			);
			dependencies = (
			);
			name = RickAndMorty;
			productName = RickAndMorty;
			productReference = C04CBA462A8D7F2E003E6686 /* RickAndMorty.app */;
			productType = "com.apple.product-type.application";
		};
		C04CBA752A8D8923003E6686 /* RickAndMortyTests */ = {
			isa = PBXNativeTarget;
			buildConfigurationList = C04CBA7C2A8D8923003E6686 /* Build configuration list for PBXNativeTarget "RickAndMortyTests" */;
			buildPhases = (
				C04CBA722A8D8923003E6686 /* Sources */,
				C04CBA732A8D8923003E6686 /* Frameworks */,
				C04CBA742A8D8923003E6686 /* Resources */,
			);
			buildRules = (
			);
			dependencies = (
				C04CBA7B2A8D8923003E6686 /* PBXTargetDependency */,
			);
			name = RickAndMortyTests;
			productName = RickAndMortyTests;
			productReference = C04CBA762A8D8923003E6686 /* RickAndMortyTests.xctest */;
			productType = "com.apple.product-type.bundle.unit-test";
		};
/* End PBXNativeTarget section */

/* Begin PBXProject section */
		C04CBA3E2A8D7F2E003E6686 /* Project object */ = {
			isa = PBXProject;
			attributes = {
				BuildIndependentTargetsInParallel = 1;
				LastSwiftUpdateCheck = 1430;
				LastUpgradeCheck = 1430;
				TargetAttributes = {
					C04CBA452A8D7F2E003E6686 = {
						CreatedOnToolsVersion = 14.3.1;
					};
					C04CBA752A8D8923003E6686 = {
						CreatedOnToolsVersion = 14.3.1;
						TestTargetID = C04CBA452A8D7F2E003E6686;
					};
				};
			};
			buildConfigurationList = C04CBA412A8D7F2E003E6686 /* Build configuration list for PBXProject "RickAndMorty" */;
			compatibilityVersion = "Xcode 14.0";
			developmentRegion = en;
			hasScannedForEncodings = 0;
			knownRegions = (
				en,
				Base,
			);
			mainGroup = C04CBA3D2A8D7F2E003E6686;
			productRefGroup = C04CBA472A8D7F2E003E6686 /* Products */;
			projectDirPath = "";
			projectRoot = "";
			targets = (
				C04CBA452A8D7F2E003E6686 /* RickAndMorty */,
				C04CBA752A8D8923003E6686 /* RickAndMortyTests */,
			);
		};
/* End PBXProject section */

/* Begin PBXResourcesBuildPhase section */
		C04CBA442A8D7F2E003E6686 /* Resources */ = {
			isa = PBXResourcesBuildPhase;
			buildActionMask = 2147483647;
			files = (
				C0E5DAED2A8E8D6A00DD1480 /* OriginPlanet@2x.png in Resources */,
				C04CBACE2A8E4887003E6686 /* gilroy-semibold.ttf in Resources */,
				C0E5DAB72A8E55A000DD1480 /* RickAndMortyTitle@3x.png in Resources */,
				C04CBAD02A8E4887003E6686 /* gilroy-medium.ttf in Resources */,
				C0E5DAAB2A8E543400DD1480 /* Portal@3x.png in Resources */,
				C0E5DAA92A8E543400DD1480 /* Portal.png in Resources */,
				C04CBACF2A8E4887003E6686 /* gilroy-bold.ttf in Resources */,
				C0E5DACD2A8E68F600DD1480 /* CharacterAvatarPlaceholder.png in Resources */,
				C0E5DAAA2A8E543400DD1480 /* Portal@2x.png in Resources */,
				C0E5DACB2A8E68F600DD1480 /* CharacterAvatarPlaceholder@2x.png in Resources */,
				C0E5DAEE2A8E8D6A00DD1480 /* OriginPlanet@3x.png in Resources */,
				C0E5DA9A2A8E527E00DD1480 /* Images.xcassets in Resources */,
				C0E5DAB02A8E543A00DD1480 /* BackgroundMisc@2x.png in Resources */,
				C0E5DAAF2A8E543A00DD1480 /* BackgroundMisc.png in Resources */,
				C0E5DAEC2A8E8D6A00DD1480 /* OriginPlanet.png in Resources */,
				C04CBA532A8D7F2F003E6686 /* Colors.xcassets in Resources */,
				C0E5DAB52A8E55A000DD1480 /* RickAndMortyTitle@2x.png in Resources */,
				C04CBA562A8D7F2F003E6686 /* LaunchScreen.storyboard in Resources */,
				C0E5DACC2A8E68F600DD1480 /* CharacterAvatarPlaceholder@3x.png in Resources */,
				C0E5DAB12A8E543A00DD1480 /* BackgroundMisc@3x.png in Resources */,
				C0E5DAB62A8E55A000DD1480 /* RickAndMortyTitle.png in Resources */,
			);
			runOnlyForDeploymentPostprocessing = 0;
		};
		C04CBA742A8D8923003E6686 /* Resources */ = {
			isa = PBXResourcesBuildPhase;
			buildActionMask = 2147483647;
			files = (
			);
			runOnlyForDeploymentPostprocessing = 0;
		};
/* End PBXResourcesBuildPhase section */

/* Begin PBXSourcesBuildPhase section */
		C04CBA422A8D7F2E003E6686 /* Sources */ = {
			isa = PBXSourcesBuildPhase;
			buildActionMask = 2147483647;
			files = (
				C0E5DAC62A8E65F500DD1480 /* CharacterAvatarContainer.swift in Sources */,
				C04CBA952A8D98F6003E6686 /* CharacterEndpoint.swift in Sources */,
				C04CBA852A8D8E8B003E6686 /* CharacterResponse.swift in Sources */,
				C0E5DB032A8ED72A00DD1480 /* LocationEndpoint.swift in Sources */,
				C04CBAA42A8E302A003E6686 /* ImageLoader.swift in Sources */,
				C0E5DAC42A8E5D0D00DD1480 /* CharacterDetailView.swift in Sources */,
				C04CBAC92A8E4850003E6686 /* CharacterCell.swift in Sources */,
				C04CBA652A8D816C003E6686 /* CharactersListController.swift in Sources */,
				C04CBA672A8D816C003E6686 /* CharactersListViewModel.swift in Sources */,
				C0E5DAFE2A8EC35300DD1480 /* EpisodeEndpoint.swift in Sources */,
				C0E5DAD12A8E6DB400DD1480 /* Font.swift in Sources */,
				C0E5DABE2A8E596400DD1480 /* CharacterDetailController.swift in Sources */,
				C04CBA8B2A8D948B003E6686 /* FetchError.swift in Sources */,
				C04CBA922A8D986B003E6686 /* API.swift in Sources */,
				C0E5DAFA2A8E94D400DD1480 /* EpisodeRow.swift in Sources */,
				C04CBABA2A8E42E1003E6686 /* UIColor.swift in Sources */,
				C0E5DAF82A8E913F00DD1480 /* CharacterEpisodesContainer.swift in Sources */,
				C04CBA6D2A8D862B003E6686 /* Character.swift in Sources */,
				C0E5DACF2A8E692B00DD1480 /* UIImage.swift in Sources */,
				C0E5DAF12A8E8EE200DD1480 /* TitleHeader.swift in Sources */,
				C0E5DAC02A8E596400DD1480 /* CharacterDetailViewModel.swift in Sources */,
				C0E5DAD72A8E782000DD1480 /* InfoRow.swift in Sources */,
				C04CBA9C2A8DAA2F003E6686 /* Array+Identifable.swift in Sources */,
				C04CBA992A8DA84E003E6686 /* EpisodeModel.swift in Sources */,
				C0E5DB012A8ED40600DD1480 /* ImageLoadError.swift in Sources */,
				C0E5DAD92A8E7CA400DD1480 /* CharacterInfoContainer.swift in Sources */,
				C04CBA8A2A8D948B003E6686 /* NetworkManager.swift in Sources */,
				C04CBA662A8D816C003E6686 /* CharactersListView.swift in Sources */,
				C04CBA4A2A8D7F2E003E6686 /* AppDelegate.swift in Sources */,
				C04CBA4C2A8D7F2F003E6686 /* SceneDelegate.swift in Sources */,
				C04CBA642A8D816C003E6686 /* CharactersListModuleAssembly.swift in Sources */,
				C0E5DAD32A8E6EF900DD1480 /* UIColor+Color.swift in Sources */,
				C04CBA902A8D9840003E6686 /* Endpoint.swift in Sources */,
				C0E5DB082A8F723900DD1480 /* PagingService.swift in Sources */,
				C0E5DADB2A8E803D00DD1480 /* CharacterOriginContainer.swift in Sources */,
				C04CBAB82A8E4036003E6686 /* UIFont.swift in Sources */,
				C04CBA972A8DA72C003E6686 /* CharacterModel.swift in Sources */,
				C0E5DB052A8ED7BC00DD1480 /* Location.swift in Sources */,
				C0E5DABD2A8E596400DD1480 /* CharacterDetailModuleAssembly.swift in Sources */,
				C04CBA712A8D88C1003E6686 /* Episode.swift in Sources */,
				C04CBA6F2A8D88B3003E6686 /* Origin.swift in Sources */,
			);
			runOnlyForDeploymentPostprocessing = 0;
		};
		C04CBA722A8D8923003E6686 /* Sources */ = {
			isa = PBXSourcesBuildPhase;
			buildActionMask = 2147483647;
			files = (
				C04CBA812A8D8968003E6686 /* TestJSONResponse.swift in Sources */,
				C04CBA792A8D8923003E6686 /* CharacterResponseTests.swift in Sources */,
			);
			runOnlyForDeploymentPostprocessing = 0;
		};
/* End PBXSourcesBuildPhase section */

/* Begin PBXTargetDependency section */
		C04CBA7B2A8D8923003E6686 /* PBXTargetDependency */ = {
			isa = PBXTargetDependency;
			target = C04CBA452A8D7F2E003E6686 /* RickAndMorty */;
			targetProxy = C04CBA7A2A8D8923003E6686 /* PBXContainerItemProxy */;
		};
/* End PBXTargetDependency section */

/* Begin PBXVariantGroup section */
		C04CBA542A8D7F2F003E6686 /* LaunchScreen.storyboard */ = {
			isa = PBXVariantGroup;
			children = (
				C04CBA552A8D7F2F003E6686 /* Base */,
			);
			name = LaunchScreen.storyboard;
			sourceTree = "<group>";
		};
/* End PBXVariantGroup section */

/* Begin XCBuildConfiguration section */
		C04CBA582A8D7F2F003E6686 /* Debug */ = {
			isa = XCBuildConfiguration;
			buildSettings = {
				ALWAYS_SEARCH_USER_PATHS = NO;
				CLANG_ANALYZER_NONNULL = YES;
				CLANG_ANALYZER_NUMBER_OBJECT_CONVERSION = YES_AGGRESSIVE;
				CLANG_CXX_LANGUAGE_STANDARD = "gnu++20";
				CLANG_ENABLE_MODULES = YES;
				CLANG_ENABLE_OBJC_ARC = YES;
				CLANG_ENABLE_OBJC_WEAK = YES;
				CLANG_WARN_BLOCK_CAPTURE_AUTORELEASING = YES;
				CLANG_WARN_BOOL_CONVERSION = YES;
				CLANG_WARN_COMMA = YES;
				CLANG_WARN_CONSTANT_CONVERSION = YES;
				CLANG_WARN_DEPRECATED_OBJC_IMPLEMENTATIONS = YES;
				CLANG_WARN_DIRECT_OBJC_ISA_USAGE = YES_ERROR;
				CLANG_WARN_DOCUMENTATION_COMMENTS = YES;
				CLANG_WARN_EMPTY_BODY = YES;
				CLANG_WARN_ENUM_CONVERSION = YES;
				CLANG_WARN_INFINITE_RECURSION = YES;
				CLANG_WARN_INT_CONVERSION = YES;
				CLANG_WARN_NON_LITERAL_NULL_CONVERSION = YES;
				CLANG_WARN_OBJC_IMPLICIT_RETAIN_SELF = YES;
				CLANG_WARN_OBJC_LITERAL_CONVERSION = YES;
				CLANG_WARN_OBJC_ROOT_CLASS = YES_ERROR;
				CLANG_WARN_QUOTED_INCLUDE_IN_FRAMEWORK_HEADER = YES;
				CLANG_WARN_RANGE_LOOP_ANALYSIS = YES;
				CLANG_WARN_STRICT_PROTOTYPES = YES;
				CLANG_WARN_SUSPICIOUS_MOVE = YES;
				CLANG_WARN_UNGUARDED_AVAILABILITY = YES_AGGRESSIVE;
				CLANG_WARN_UNREACHABLE_CODE = YES;
				CLANG_WARN__DUPLICATE_METHOD_MATCH = YES;
				COPY_PHASE_STRIP = NO;
				DEBUG_INFORMATION_FORMAT = dwarf;
				ENABLE_STRICT_OBJC_MSGSEND = YES;
				ENABLE_TESTABILITY = YES;
				GCC_C_LANGUAGE_STANDARD = gnu11;
				GCC_DYNAMIC_NO_PIC = NO;
				GCC_NO_COMMON_BLOCKS = YES;
				GCC_OPTIMIZATION_LEVEL = 0;
				GCC_PREPROCESSOR_DEFINITIONS = (
					"DEBUG=1",
					"$(inherited)",
				);
				GCC_WARN_64_TO_32_BIT_CONVERSION = YES;
				GCC_WARN_ABOUT_RETURN_TYPE = YES_ERROR;
				GCC_WARN_UNDECLARED_SELECTOR = YES;
				GCC_WARN_UNINITIALIZED_AUTOS = YES_AGGRESSIVE;
				GCC_WARN_UNUSED_FUNCTION = YES;
				GCC_WARN_UNUSED_VARIABLE = YES;
				IPHONEOS_DEPLOYMENT_TARGET = 15.0;
				MTL_ENABLE_DEBUG_INFO = INCLUDE_SOURCE;
				MTL_FAST_MATH = YES;
				ONLY_ACTIVE_ARCH = YES;
				SDKROOT = iphoneos;
				SWIFT_ACTIVE_COMPILATION_CONDITIONS = DEBUG;
				SWIFT_OPTIMIZATION_LEVEL = "-Onone";
			};
			name = Debug;
		};
		C04CBA592A8D7F2F003E6686 /* Release */ = {
			isa = XCBuildConfiguration;
			buildSettings = {
				ALWAYS_SEARCH_USER_PATHS = NO;
				CLANG_ANALYZER_NONNULL = YES;
				CLANG_ANALYZER_NUMBER_OBJECT_CONVERSION = YES_AGGRESSIVE;
				CLANG_CXX_LANGUAGE_STANDARD = "gnu++20";
				CLANG_ENABLE_MODULES = YES;
				CLANG_ENABLE_OBJC_ARC = YES;
				CLANG_ENABLE_OBJC_WEAK = YES;
				CLANG_WARN_BLOCK_CAPTURE_AUTORELEASING = YES;
				CLANG_WARN_BOOL_CONVERSION = YES;
				CLANG_WARN_COMMA = YES;
				CLANG_WARN_CONSTANT_CONVERSION = YES;
				CLANG_WARN_DEPRECATED_OBJC_IMPLEMENTATIONS = YES;
				CLANG_WARN_DIRECT_OBJC_ISA_USAGE = YES_ERROR;
				CLANG_WARN_DOCUMENTATION_COMMENTS = YES;
				CLANG_WARN_EMPTY_BODY = YES;
				CLANG_WARN_ENUM_CONVERSION = YES;
				CLANG_WARN_INFINITE_RECURSION = YES;
				CLANG_WARN_INT_CONVERSION = YES;
				CLANG_WARN_NON_LITERAL_NULL_CONVERSION = YES;
				CLANG_WARN_OBJC_IMPLICIT_RETAIN_SELF = YES;
				CLANG_WARN_OBJC_LITERAL_CONVERSION = YES;
				CLANG_WARN_OBJC_ROOT_CLASS = YES_ERROR;
				CLANG_WARN_QUOTED_INCLUDE_IN_FRAMEWORK_HEADER = YES;
				CLANG_WARN_RANGE_LOOP_ANALYSIS = YES;
				CLANG_WARN_STRICT_PROTOTYPES = YES;
				CLANG_WARN_SUSPICIOUS_MOVE = YES;
				CLANG_WARN_UNGUARDED_AVAILABILITY = YES_AGGRESSIVE;
				CLANG_WARN_UNREACHABLE_CODE = YES;
				CLANG_WARN__DUPLICATE_METHOD_MATCH = YES;
				COPY_PHASE_STRIP = NO;
				DEBUG_INFORMATION_FORMAT = "dwarf-with-dsym";
				ENABLE_NS_ASSERTIONS = NO;
				ENABLE_STRICT_OBJC_MSGSEND = YES;
				GCC_C_LANGUAGE_STANDARD = gnu11;
				GCC_NO_COMMON_BLOCKS = YES;
				GCC_WARN_64_TO_32_BIT_CONVERSION = YES;
				GCC_WARN_ABOUT_RETURN_TYPE = YES_ERROR;
				GCC_WARN_UNDECLARED_SELECTOR = YES;
				GCC_WARN_UNINITIALIZED_AUTOS = YES_AGGRESSIVE;
				GCC_WARN_UNUSED_FUNCTION = YES;
				GCC_WARN_UNUSED_VARIABLE = YES;
				IPHONEOS_DEPLOYMENT_TARGET = 15.0;
				MTL_ENABLE_DEBUG_INFO = NO;
				MTL_FAST_MATH = YES;
				SDKROOT = iphoneos;
				SWIFT_COMPILATION_MODE = wholemodule;
				SWIFT_OPTIMIZATION_LEVEL = "-O";
				VALIDATE_PRODUCT = YES;
			};
			name = Release;
		};
		C04CBA5B2A8D7F2F003E6686 /* Debug */ = {
			isa = XCBuildConfiguration;
			buildSettings = {
				ASSETCATALOG_COMPILER_APPICON_NAME = AppIcon;
				ASSETCATALOG_COMPILER_GLOBAL_ACCENT_COLOR_NAME = AccentColor;
				CODE_SIGN_STYLE = Automatic;
				CURRENT_PROJECT_VERSION = 1;
				DEVELOPMENT_TEAM = 586JQB45F3;
				GENERATE_INFOPLIST_FILE = YES;
				INFOPLIST_FILE = RickAndMorty/Info.plist;
				INFOPLIST_KEY_UIApplicationSupportsIndirectInputEvents = YES;
				INFOPLIST_KEY_UILaunchStoryboardName = LaunchScreen;
				INFOPLIST_KEY_UIMainStoryboardFile = "";
				INFOPLIST_KEY_UISupportedInterfaceOrientations = UIInterfaceOrientationPortrait;
				INFOPLIST_KEY_UISupportedInterfaceOrientations_iPad = "UIInterfaceOrientationLandscapeLeft UIInterfaceOrientationLandscapeRight UIInterfaceOrientationPortrait UIInterfaceOrientationPortraitUpsideDown";
				IPHONEOS_DEPLOYMENT_TARGET = 15.0;
				LD_RUNPATH_SEARCH_PATHS = (
					"$(inherited)",
					"@executable_path/Frameworks",
				);
				MARKETING_VERSION = 1.0;
				PRODUCT_BUNDLE_IDENTIFIER = ru.ighiba.RickAndMorty;
				PRODUCT_NAME = "$(TARGET_NAME)";
				SWIFT_EMIT_LOC_STRINGS = YES;
				SWIFT_VERSION = 5.0;
				TARGETED_DEVICE_FAMILY = "1,2";
			};
			name = Debug;
		};
		C04CBA5C2A8D7F2F003E6686 /* Release */ = {
			isa = XCBuildConfiguration;
			buildSettings = {
				ASSETCATALOG_COMPILER_APPICON_NAME = AppIcon;
				ASSETCATALOG_COMPILER_GLOBAL_ACCENT_COLOR_NAME = AccentColor;
				CODE_SIGN_STYLE = Automatic;
				CURRENT_PROJECT_VERSION = 1;
				DEVELOPMENT_TEAM = 586JQB45F3;
				GENERATE_INFOPLIST_FILE = YES;
				INFOPLIST_FILE = RickAndMorty/Info.plist;
				INFOPLIST_KEY_UIApplicationSupportsIndirectInputEvents = YES;
				INFOPLIST_KEY_UILaunchStoryboardName = LaunchScreen;
				INFOPLIST_KEY_UIMainStoryboardFile = "";
				INFOPLIST_KEY_UISupportedInterfaceOrientations = UIInterfaceOrientationPortrait;
				INFOPLIST_KEY_UISupportedInterfaceOrientations_iPad = "UIInterfaceOrientationLandscapeLeft UIInterfaceOrientationLandscapeRight UIInterfaceOrientationPortrait UIInterfaceOrientationPortraitUpsideDown";
				IPHONEOS_DEPLOYMENT_TARGET = 15.0;
				LD_RUNPATH_SEARCH_PATHS = (
					"$(inherited)",
					"@executable_path/Frameworks",
				);
				MARKETING_VERSION = 1.0;
				PRODUCT_BUNDLE_IDENTIFIER = ru.ighiba.RickAndMorty;
				PRODUCT_NAME = "$(TARGET_NAME)";
				SWIFT_EMIT_LOC_STRINGS = YES;
				SWIFT_VERSION = 5.0;
				TARGETED_DEVICE_FAMILY = "1,2";
			};
			name = Release;
		};
		C04CBA7D2A8D8923003E6686 /* Debug */ = {
			isa = XCBuildConfiguration;
			buildSettings = {
				BUNDLE_LOADER = "$(TEST_HOST)";
				CODE_SIGN_STYLE = Automatic;
				CURRENT_PROJECT_VERSION = 1;
				DEVELOPMENT_TEAM = 586JQB45F3;
				GENERATE_INFOPLIST_FILE = YES;
				MARKETING_VERSION = 1.0;
				PRODUCT_BUNDLE_IDENTIFIER = ru.ighiba.RickAndMortyTests;
				PRODUCT_NAME = "$(TARGET_NAME)";
				SWIFT_EMIT_LOC_STRINGS = NO;
				SWIFT_VERSION = 5.0;
				TARGETED_DEVICE_FAMILY = "1,2";
				TEST_HOST = "$(BUILT_PRODUCTS_DIR)/RickAndMorty.app/$(BUNDLE_EXECUTABLE_FOLDER_PATH)/RickAndMorty";
			};
			name = Debug;
		};
		C04CBA7E2A8D8923003E6686 /* Release */ = {
			isa = XCBuildConfiguration;
			buildSettings = {
				BUNDLE_LOADER = "$(TEST_HOST)";
				CODE_SIGN_STYLE = Automatic;
				CURRENT_PROJECT_VERSION = 1;
				DEVELOPMENT_TEAM = 586JQB45F3;
				GENERATE_INFOPLIST_FILE = YES;
				MARKETING_VERSION = 1.0;
				PRODUCT_BUNDLE_IDENTIFIER = ru.ighiba.RickAndMortyTests;
				PRODUCT_NAME = "$(TARGET_NAME)";
				SWIFT_EMIT_LOC_STRINGS = NO;
				SWIFT_VERSION = 5.0;
				TARGETED_DEVICE_FAMILY = "1,2";
				TEST_HOST = "$(BUILT_PRODUCTS_DIR)/RickAndMorty.app/$(BUNDLE_EXECUTABLE_FOLDER_PATH)/RickAndMorty";
			};
			name = Release;
		};
/* End XCBuildConfiguration section */

/* Begin XCConfigurationList section */
		C04CBA412A8D7F2E003E6686 /* Build configuration list for PBXProject "RickAndMorty" */ = {
			isa = XCConfigurationList;
			buildConfigurations = (
				C04CBA582A8D7F2F003E6686 /* Debug */,
				C04CBA592A8D7F2F003E6686 /* Release */,
			);
			defaultConfigurationIsVisible = 0;
			defaultConfigurationName = Release;
		};
		C04CBA5A2A8D7F2F003E6686 /* Build configuration list for PBXNativeTarget "RickAndMorty" */ = {
			isa = XCConfigurationList;
			buildConfigurations = (
				C04CBA5B2A8D7F2F003E6686 /* Debug */,
				C04CBA5C2A8D7F2F003E6686 /* Release */,
			);
			defaultConfigurationIsVisible = 0;
			defaultConfigurationName = Release;
		};
		C04CBA7C2A8D8923003E6686 /* Build configuration list for PBXNativeTarget "RickAndMortyTests" */ = {
			isa = XCConfigurationList;
			buildConfigurations = (
				C04CBA7D2A8D8923003E6686 /* Debug */,
				C04CBA7E2A8D8923003E6686 /* Release */,
			);
			defaultConfigurationIsVisible = 0;
			defaultConfigurationName = Release;
		};
/* End XCConfigurationList section */
	};
	rootObject = C04CBA3E2A8D7F2E003E6686 /* Project object */;
}
